{
  "name": "hyphenator",
  "version": "1.0.0",
  "lockfileVersion": 3,
  "requires": true,
  "packages": {
    "": {
      "name": "hyphenator",
      "version": "1.0.0",
      "license": "ISC",
      "dependencies": {
        "hyphen": "^1.10.6"
      }
    },
    "node_modules/hyphen": {
      "version": "1.10.6",
      "resolved": "https://registry.npmjs.org/hyphen/-/hyphen-1.10.6.tgz",
      "integrity": "sha512-fXHXcGFTXOvZTSkPJuGOQf5Lv5T/R2itiiCVPg9LxAje5D00O0pP83yJShFq5V89Ly//Gt6acj7z8pbBr34stw==",
      "license": "ISC"
    }
  }
}
